// !$*UTF8*$!
{
	archiveVersion = 1;
	classes = {
	};
	objectVersion = 42;
	objects = {

/* Begin PBXBuildFile section */
		E0497390104E7B1E00D3981F /* SIMBL.r in Rez */ = {isa = PBXBuildFile; fileRef = E0497384104E7AE800D3981F /* SIMBL.r */; };
		E0497462104E7BC600D3981F /* Carbon.framework in Frameworks */ = {isa = PBXBuildFile; fileRef = E0497461104E7BC600D3981F /* Carbon.framework */; };
		E04B83EF104E73D80001E0E3 /* SIMBL.sdef in Resources */ = {isa = PBXBuildFile; fileRef = E04B83EE104E73D80001E0E3 /* SIMBL.sdef */; };
		E079BFDB1054371E00D7A4E3 /* SIMBL Agent.app in Resources */ = {isa = PBXBuildFile; fileRef = E079BFDA1054371E00D7A4E3 /* SIMBL Agent.app */; };
		E0C2C2FE104F376500553034 /* NSAlert_SIMBL.m in Sources */ = {isa = PBXBuildFile; fileRef = E0AF789409B3031900F50FE7 /* NSAlert_SIMBL.m */; };
		E0C2C2FF104F376600553034 /* SIMBL.m in Sources */ = {isa = PBXBuildFile; fileRef = E0AF789609B3031900F50FE7 /* SIMBL.m */; };
		E0C2C300104F376700553034 /* SIMBLPlugin.m in Sources */ = {isa = PBXBuildFile; fileRef = E0AF789909B3031900F50FE7 /* SIMBLPlugin.m */; };
		E0EE4A4F0693E03F0061E2D8 /* AppKit.framework in Frameworks */ = {isa = PBXBuildFile; fileRef = E0EE4A4D0693E03F0061E2D8 /* AppKit.framework */; };
		E0EE4A500693E03F0061E2D8 /* Cocoa.framework in Frameworks */ = {isa = PBXBuildFile; fileRef = E0EE4A4E0693E03F0061E2D8 /* Cocoa.framework */; };
/* End PBXBuildFile section */

/* Begin PBXFileReference section */
		089C1672FE841209C02AAC07 /* Foundation.framework */ = {isa = PBXFileReference; lastKnownFileType = wrapper.framework; name = Foundation.framework; path = /System/Library/Frameworks/Foundation.framework; sourceTree = "<absolute>"; };
		8D5B49B6048680CD000E48DA /* SIMBL.osax */ = {isa = PBXFileReference; explicitFileType = wrapper.cfbundle; includeInIndex = 0; path = SIMBL.osax; sourceTree = BUILT_PRODUCTS_DIR; };
		E043030209B300D6000FD3C5 /* Info.plist */ = {isa = PBXFileReference; fileEncoding = 4; lastKnownFileType = text.plist.xml; path = Info.plist; sourceTree = "<group>"; };
		E0497384104E7AE800D3981F /* SIMBL.r */ = {isa = PBXFileReference; fileEncoding = 4; lastKnownFileType = sourcecode.rez; path = SIMBL.r; sourceTree = "<group>"; };
		E0497461104E7BC600D3981F /* Carbon.framework */ = {isa = PBXFileReference; lastKnownFileType = wrapper.framework; name = Carbon.framework; path = /System/Library/Frameworks/Carbon.framework; sourceTree = "<absolute>"; };
		E04B83EE104E73D80001E0E3 /* SIMBL.sdef */ = {isa = PBXFileReference; fileEncoding = 4; lastKnownFileType = text.sdef; path = SIMBL.sdef; sourceTree = "<group>"; };
		E079BFDA1054371E00D7A4E3 /* SIMBL Agent.app */ = {isa = PBXFileReference; lastKnownFileType = wrapper.application; name = "SIMBL Agent.app"; path = "SIMBL Agent/build/Release/SIMBL Agent.app"; sourceTree = SOURCE_ROOT; };
		E0AF789209B3031900F50FE7 /* DTMacros.h */ = {isa = PBXFileReference; fileEncoding = 4; lastKnownFileType = sourcecode.c.h; name = DTMacros.h; path = src/DTMacros.h; sourceTree = SOURCE_ROOT; };
		E0AF789309B3031900F50FE7 /* NSAlert_SIMBL.h */ = {isa = PBXFileReference; fileEncoding = 4; lastKnownFileType = sourcecode.c.h; path = NSAlert_SIMBL.h; sourceTree = "<group>"; };
		E0AF789409B3031900F50FE7 /* NSAlert_SIMBL.m */ = {isa = PBXFileReference; fileEncoding = 4; lastKnownFileType = sourcecode.c.objc; path = NSAlert_SIMBL.m; sourceTree = "<group>"; };
		E0AF789509B3031900F50FE7 /* SIMBL.h */ = {isa = PBXFileReference; fileEncoding = 4; lastKnownFileType = sourcecode.c.h; path = SIMBL.h; sourceTree = "<group>"; };
		E0AF789609B3031900F50FE7 /* SIMBL.m */ = {isa = PBXFileReference; fileEncoding = 4; lastKnownFileType = sourcecode.c.objc; path = SIMBL.m; sourceTree = "<group>"; };
		E0AF789709B3031900F50FE7 /* SIMBL_Prefix.pch */ = {isa = PBXFileReference; fileEncoding = 4; lastKnownFileType = sourcecode.c.h; path = SIMBL_Prefix.pch; sourceTree = "<group>"; };
		E0AF789809B3031900F50FE7 /* SIMBLPlugin.h */ = {isa = PBXFileReference; fileEncoding = 4; lastKnownFileType = sourcecode.c.h; path = SIMBLPlugin.h; sourceTree = "<group>"; };
		E0AF789909B3031900F50FE7 /* SIMBLPlugin.m */ = {isa = PBXFileReference; fileEncoding = 4; lastKnownFileType = sourcecode.c.objc; path = SIMBLPlugin.m; sourceTree = "<group>"; };
		E0EE4A4D0693E03F0061E2D8 /* AppKit.framework */ = {isa = PBXFileReference; lastKnownFileType = wrapper.framework; name = AppKit.framework; path = /System/Library/Frameworks/AppKit.framework; sourceTree = "<absolute>"; };
		E0EE4A4E0693E03F0061E2D8 /* Cocoa.framework */ = {isa = PBXFileReference; lastKnownFileType = wrapper.framework; name = Cocoa.framework; path = /System/Library/Frameworks/Cocoa.framework; sourceTree = "<absolute>"; };
/* End PBXFileReference section */

/* Begin PBXFrameworksBuildPhase section */
		8D5B49B3048680CD000E48DA /* Frameworks */ = {
			isa = PBXFrameworksBuildPhase;
			buildActionMask = 2147483647;
			files = (
				E0EE4A4F0693E03F0061E2D8 /* AppKit.framework in Frameworks */,
				E0EE4A500693E03F0061E2D8 /* Cocoa.framework in Frameworks */,
				E0497462104E7BC600D3981F /* Carbon.framework in Frameworks */,
			);
			runOnlyForDeploymentPostprocessing = 0;
		};
/* End PBXFrameworksBuildPhase section */

/* Begin PBXGroup section */
		089C166AFE841209C02AAC07 /* SIMBL */ = {
			isa = PBXGroup;
			children = (
				E0AF789109B3031900F50FE7 /* src */,
				E04302FE09B300D6000FD3C5 /* rez */,
				089C1671FE841209C02AAC07 /* Frameworks and Libraries */,
				19C28FB8FE9D52D311CA2CBB /* Products */,
			);
			name = SIMBL;
			sourceTree = "<group>";
		};
		089C1671FE841209C02AAC07 /* Frameworks and Libraries */ = {
			isa = PBXGroup;
			children = (
				E0497461104E7BC600D3981F /* Carbon.framework */,
				E0EE4A4D0693E03F0061E2D8 /* AppKit.framework */,
				E0EE4A4E0693E03F0061E2D8 /* Cocoa.framework */,
				089C1672FE841209C02AAC07 /* Foundation.framework */,
			);
			name = "Frameworks and Libraries";
			sourceTree = "<group>";
		};
		19C28FB8FE9D52D311CA2CBB /* Products */ = {
			isa = PBXGroup;
			children = (
				8D5B49B6048680CD000E48DA /* SIMBL.osax */,
			);
			name = Products;
			sourceTree = "<group>";
		};
		E04302FE09B300D6000FD3C5 /* rez */ = {
			isa = PBXGroup;
			children = (
				E079BFDA1054371E00D7A4E3 /* SIMBL Agent.app */,
				E0497384104E7AE800D3981F /* SIMBL.r */,
				E04B83EE104E73D80001E0E3 /* SIMBL.sdef */,
				E043030209B300D6000FD3C5 /* Info.plist */,
			);
			path = rez;
			sourceTree = "<group>";
		};
		E0AF789109B3031900F50FE7 /* src */ = {
			isa = PBXGroup;
			children = (
				E0AF789209B3031900F50FE7 /* DTMacros.h */,
				E0AF789309B3031900F50FE7 /* NSAlert_SIMBL.h */,
				E0AF789409B3031900F50FE7 /* NSAlert_SIMBL.m */,
				E0AF789509B3031900F50FE7 /* SIMBL.h */,
				E0AF789609B3031900F50FE7 /* SIMBL.m */,
				E0AF789709B3031900F50FE7 /* SIMBL_Prefix.pch */,
				E0AF789809B3031900F50FE7 /* SIMBLPlugin.h */,
				E0AF789909B3031900F50FE7 /* SIMBLPlugin.m */,
			);
			path = src;
			sourceTree = "<group>";
		};
/* End PBXGroup section */

/* Begin PBXNativeTarget section */
		8D5B49AC048680CD000E48DA /* SIMBL */ = {
			isa = PBXNativeTarget;
			buildConfigurationList = E0E8F441085F4D0400DCD56F /* Build configuration list for PBXNativeTarget "SIMBL" */;
			buildPhases = (
				8D5B49AF048680CD000E48DA /* Resources */,
				8D5B49B1048680CD000E48DA /* Sources */,
				E04B8405104E753F0001E0E3 /* ShellScript */,
				8D5B49B5048680CD000E48DA /* Rez */,
				8D5B49B3048680CD000E48DA /* Frameworks */,
			);
			buildRules = (
			);
			dependencies = (
			);
			name = SIMBL;
			productInstallPath = "$(HOME)/Library/Bundles";
			productName = SIMBL;
			productReference = 8D5B49B6048680CD000E48DA /* SIMBL.osax */;
			productType = "com.apple.product-type.bundle";
		};
/* End PBXNativeTarget section */

/* Begin PBXProject section */
		089C1669FE841209C02AAC07 /* Project object */ = {
			isa = PBXProject;
			buildConfigurationList = E0E8F445085F4D0400DCD56F /* Build configuration list for PBXProject "SIMBL" */;
			compatibilityVersion = "Xcode 2.4";
			hasScannedForEncodings = 1;
			mainGroup = 089C166AFE841209C02AAC07 /* SIMBL */;
			projectDirPath = "";
			projectRoot = "";
			targets = (
				8D5B49AC048680CD000E48DA /* SIMBL */,
			);
		};
/* End PBXProject section */

/* Begin PBXResourcesBuildPhase section */
		8D5B49AF048680CD000E48DA /* Resources */ = {
			isa = PBXResourcesBuildPhase;
			buildActionMask = 2147483647;
			files = (
				E04B83EF104E73D80001E0E3 /* SIMBL.sdef in Resources */,
				E079BFDB1054371E00D7A4E3 /* SIMBL Agent.app in Resources */,
			);
			runOnlyForDeploymentPostprocessing = 0;
		};
/* End PBXResourcesBuildPhase section */

/* Begin PBXRezBuildPhase section */
		8D5B49B5048680CD000E48DA /* Rez */ = {
			isa = PBXRezBuildPhase;
			buildActionMask = 2147483647;
			files = (
				E0497390104E7B1E00D3981F /* SIMBL.r in Rez */,
			);
			runOnlyForDeploymentPostprocessing = 0;
		};
/* End PBXRezBuildPhase section */

/* Begin PBXShellScriptBuildPhase section */
		E04B8405104E753F0001E0E3 /* ShellScript */ = {
			isa = PBXShellScriptBuildPhase;
			buildActionMask = 2147483647;
			files = (
			);
			inputPaths = (
				"$(SRCROOT)/rez/$(PRODUCT_NAME).sdef",
			);
			outputPaths = (
				"$(SRCROOT)/rez/$(PRODUCT_NAME).r",
			);
			runOnlyForDeploymentPostprocessing = 0;
			shellPath = /bin/sh;
			shellScript = "# This rule builds an 'aete' version of the sdef; it is only necessary for pre-Leopard builds.\n/usr/bin/sdp -fa -o \"${SRCROOT}/rez/${PRODUCT_NAME}.r\" \"${SRCROOT}/rez/${PRODUCT_NAME}.sdef\"";
		};
/* End PBXShellScriptBuildPhase section */

/* Begin PBXSourcesBuildPhase section */
		8D5B49B1048680CD000E48DA /* Sources */ = {
			isa = PBXSourcesBuildPhase;
			buildActionMask = 2147483647;
			files = (
				E0C2C2FE104F376500553034 /* NSAlert_SIMBL.m in Sources */,
				E0C2C2FF104F376600553034 /* SIMBL.m in Sources */,
				E0C2C300104F376700553034 /* SIMBLPlugin.m in Sources */,
			);
			runOnlyForDeploymentPostprocessing = 0;
		};
/* End PBXSourcesBuildPhase section */

/* Begin XCBuildConfiguration section */
		E0E8F442085F4D0400DCD56F /* Development */ = {
			isa = XCBuildConfiguration;
			buildSettings = {
				ALWAYS_SEARCH_USER_PATHS = NO;
				ARCHS = "$(ONLY_ACTIVE_ARCH_PRE_XCODE_3_1)";
				COPY_PHASE_STRIP = NO;
				FRAMEWORK_SEARCH_PATHS = "";
				GCC_C_LANGUAGE_STANDARD = gnu99;
				GCC_DYNAMIC_NO_PIC = NO;
				GCC_ENABLE_CPP_EXCEPTIONS = NO;
				GCC_ENABLE_CPP_RTTI = NO;
				GCC_ENABLE_FIX_AND_CONTINUE = YES;
				GCC_ENABLE_OBJC_EXCEPTIONS = YES;
				GCC_ENABLE_OBJC_GC = YES;
				GCC_ENABLE_PASCAL_STRINGS = NO;
				GCC_ENABLE_TRIGRAPHS = NO;
				GCC_GENERATE_DEBUGGING_SYMBOLS = YES;
				GCC_OPTIMIZATION_LEVEL = 0;
				GCC_PRECOMPILE_PREFIX_HEADER = YES;
				GCC_PREFIX_HEADER = src/SIMBL_Prefix.pch;
				GCC_PREPROCESSOR_DEFINITIONS = "DEBUG=0";
				GCC_VERSION = 4.2;
				GCC_WARN_ABOUT_RETURN_TYPE = YES;
				GCC_WARN_FOUR_CHARACTER_CONSTANTS = NO;
				GCC_WARN_UNKNOWN_PRAGMAS = NO;
				HEADER_SEARCH_PATHS = "";
				INFOPLIST_FILE = rez/Info.plist;
				LIBRARY_SEARCH_PATHS = "";
				MACOSX_DEPLOYMENT_TARGET = 10.5;
				ONLY_ACTIVE_ARCH_PRE_XCODE_3_1 = "$(NATIVE_ARCH_ACTUAL)";
				OTHER_CFLAGS = "";
				OTHER_LDFLAGS = "";
				PREBINDING = NO;
				PRODUCT_NAME = SIMBL;
				SDKROOT = /Developer/SDKs/MacOSX10.5.sdk;
				SECTORDER_FLAGS = "";
				WARNING_CFLAGS = (
					"-Wmost",
					"-Wno-four-char-constants",
					"-Wno-unknown-pragmas",
				);
				WRAPPER_EXTENSION = osax;
			};
			name = Development;
		};
		E0E8F443085F4D0400DCD56F /* Deployment */ = {
			isa = XCBuildConfiguration;
			buildSettings = {
				ALWAYS_SEARCH_USER_PATHS = NO;
				ARCHS = "$(ARCHS_STANDARD_32_64_BIT_PRE_XCODE_3_1)";
				ARCHS_STANDARD_32_64_BIT_PRE_XCODE_3_1 = "ppc i386 ppc64 x86_64";
				COPY_PHASE_STRIP = YES;
				FRAMEWORK_SEARCH_PATHS = "";
				GCC_C_LANGUAGE_STANDARD = gnu99;
				GCC_ENABLE_CPP_EXCEPTIONS = NO;
				GCC_ENABLE_CPP_RTTI = NO;
				GCC_ENABLE_FIX_AND_CONTINUE = NO;
				GCC_ENABLE_OBJC_EXCEPTIONS = YES;
				GCC_ENABLE_OBJC_GC = YES;
				GCC_ENABLE_PASCAL_STRINGS = NO;
				GCC_ENABLE_TRIGRAPHS = NO;
				GCC_GENERATE_DEBUGGING_SYMBOLS = NO;
				GCC_PRECOMPILE_PREFIX_HEADER = YES;
				GCC_PREFIX_HEADER = src/SIMBL_Prefix.pch;
				GCC_VERSION = 4.2;
				GCC_WARN_ABOUT_RETURN_TYPE = YES;
				GCC_WARN_FOUR_CHARACTER_CONSTANTS = NO;
				GCC_WARN_UNKNOWN_PRAGMAS = NO;
				HEADER_SEARCH_PATHS = "";
				INFOPLIST_FILE = rez/Info.plist;
				LIBRARY_SEARCH_PATHS = "";
				MACOSX_DEPLOYMENT_TARGET = 10.5;
				OTHER_CFLAGS = "";
				OTHER_LDFLAGS = "";
				PREBINDING = NO;
				PRODUCT_NAME = SIMBL;
				SDKROOT = /Developer/SDKs/MacOSX10.5.sdk;
				SECTORDER_FLAGS = "";
				WARNING_CFLAGS = (
					"-Wmost",
					"-Wno-four-char-constants",
					"-Wno-unknown-pragmas",
				);
				WRAPPER_EXTENSION = osax;
			};
			name = Deployment;
		};
		E0E8F444085F4D0400DCD56F /* Default */ = {
			isa = XCBuildConfiguration;
			buildSettings = {
				ALWAYS_SEARCH_USER_PATHS = NO;
				ARCHS = "$(ARCHS_STANDARD_32_64_BIT_PRE_XCODE_3_1)";
				ARCHS_STANDARD_32_64_BIT_PRE_XCODE_3_1 = "ppc i386 ppc64 x86_64";
				FRAMEWORK_SEARCH_PATHS = "";
				GCC_C_LANGUAGE_STANDARD = gnu99;
				GCC_ENABLE_CPP_EXCEPTIONS = NO;
				GCC_ENABLE_CPP_RTTI = NO;
				GCC_ENABLE_OBJC_EXCEPTIONS = YES;
				GCC_ENABLE_OBJC_GC = YES;
				GCC_ENABLE_PASCAL_STRINGS = NO;
				GCC_ENABLE_TRIGRAPHS = NO;
				GCC_GENERATE_DEBUGGING_SYMBOLS = NO;
				GCC_PRECOMPILE_PREFIX_HEADER = YES;
				GCC_PREFIX_HEADER = src/SIMBL_Prefix.pch;
				GCC_VERSION = 4.2;
				GCC_WARN_ABOUT_RETURN_TYPE = YES;
				GCC_WARN_FOUR_CHARACTER_CONSTANTS = NO;
				GCC_WARN_UNKNOWN_PRAGMAS = NO;
				HEADER_SEARCH_PATHS = "";
				INFOPLIST_FILE = rez/Info.plist;
				LIBRARY_SEARCH_PATHS = "";
				MACOSX_DEPLOYMENT_TARGET = 10.5;
				OTHER_CFLAGS = "";
				OTHER_LDFLAGS = "";
				PREBINDING = NO;
				PRODUCT_NAME = SIMBL;
				SDKROOT = /Developer/SDKs/MacOSX10.5.sdk;
				SECTORDER_FLAGS = "";
				WARNING_CFLAGS = (
					"-Wmost",
					"-Wno-four-char-constants",
					"-Wno-unknown-pragmas",
				);
				WRAPPER_EXTENSION = osax;
			};
			name = Default;
		};
		E0E8F446085F4D0400DCD56F /* Development */ = {
			isa = XCBuildConfiguration;
			buildSettings = {
				ARCHS = (
					ppc,
					i386,
				);
				MACOSX_DEPLOYMENT_TARGET = 10.4;
				SDKROOT = /Developer/SDKs/MacOSX10.4u.sdk;
			};
			name = Development;
		};
		E0E8F447085F4D0400DCD56F /* Deployment */ = {
			isa = XCBuildConfiguration;
			buildSettings = {
				ARCHS = (
					ppc,
					i386,
				);
				MACOSX_DEPLOYMENT_TARGET = 10.4;
				SDKROOT = /Developer/SDKs/MacOSX10.4u.sdk;
			};
			name = Deployment;
		};
		E0E8F448085F4D0400DCD56F /* Default */ = {
			isa = XCBuildConfiguration;
			buildSettings = {
				ARCHS = (
					ppc,
					i386,
				);
				MACOSX_DEPLOYMENT_TARGET = 10.4;
				SDKROOT = /Developer/SDKs/MacOSX10.4u.sdk;
			};
			name = Default;
		};
/* End XCBuildConfiguration section */

/* Begin XCConfigurationList section */
		E0E8F441085F4D0400DCD56F /* Build configuration list for PBXNativeTarget "SIMBL" */ = {
			isa = XCConfigurationList;
			buildConfigurations = (
				E0E8F442085F4D0400DCD56F /* Development */,
				E0E8F443085F4D0400DCD56F /* Deployment */,
				E0E8F444085F4D0400DCD56F /* Default */,
			);
			defaultConfigurationIsVisible = 0;
			defaultConfigurationName = Default;
		};
		E0E8F445085F4D0400DCD56F /* Build configuration list for PBXProject "SIMBL" */ = {
			isa = XCConfigurationList;
			buildConfigurations = (
				E0E8F446085F4D0400DCD56F /* Development */,
				E0E8F447085F4D0400DCD56F /* Deployment */,
				E0E8F448085F4D0400DCD56F /* Default */,
			);
			defaultConfigurationIsVisible = 0;
			defaultConfigurationName = Default;
		};
/* End XCConfigurationList section */
	};
	rootObject = 089C1669FE841209C02AAC07 /* Project object */;
}
